
Microsoft Visual Studio Solution File, Format Version 12.00
# Visual Studio Version 17
VisualStudioVersion = 17.11.35219.272
MinimumVisualStudioVersion = 10.0.40219.1
Project("{FAE04EC0-301F-11D3-BF4B-00C04F79EFBC}") = "api", "api\api.csproj", "{D33F7454-97D6-45E4-BA34-DFC98FDF8A7D}"
EndProject
Project("{FAE04EC0-301F-11D3-BF4B-00C04F79EFBC}") = "client", "client\client.csproj", "{A528971B-D8E4-4769-9ED1-C7DB7024BE17}"
EndProject
Global
	GlobalSection(SolutionConfigurationPlatforms) = preSolution
		Debug|Any CPU = Debug|Any CPU
		Release|Any CPU = Release|Any CPU
	EndGlobalSection
	GlobalSection(ProjectConfigurationPlatforms) = postSolution
		{D33F7454-97D6-45E4-BA34-DFC98FDF8A7D}.Debug|Any CPU.ActiveCfg = Debug|Any CPU
		{D33F7454-97D6-45E4-BA34-DFC98FDF8A7D}.Debug|Any CPU.Build.0 = Debug|Any CPU
		{D33F7454-97D6-45E4-BA34-DFC98FDF8A7D}.Release|Any CPU.ActiveCfg = Release|Any CPU
		{D33F7454-97D6-45E4-BA34-DFC98FDF8A7D}.Release|Any CPU.Build.0 = Release|Any CPU
		{A528971B-D8E4-4769-9ED1-C7DB7024BE17}.Debug|Any CPU.ActiveCfg = Debug|Any CPU
		{A528971B-D8E4-4769-9ED1-C7DB7024BE17}.Debug|Any CPU.Build.0 = Debug|Any CPU
		{A528971B-D8E4-4769-9ED1-C7DB7024BE17}.Release|Any CPU.ActiveCfg = Release|Any CPU
		{A528971B-D8E4-4769-9ED1-C7DB7024BE17}.Release|Any CPU.Build.0 = Release|Any CPU
	EndGlobalSection
	GlobalSection(SolutionProperties) = preSolution
		HideSolutionNode = FALSE
	EndGlobalSection
	GlobalSection(ExtensibilityGlobals) = postSolution
		SolutionGuid = {2E96C20B-352C-48BE-9BD5-964180D55163}
	EndGlobalSection
EndGlobal
