
Microsoft Visual Studio Solution File, Format Version 12.00
# Visual Studio Version 17
VisualStudioVersion = 17.11.35219.272
MinimumVisualStudioVersion = 10.0.40219.1
Project("{FAE04EC0-301F-11D3-BF4B-00C04F79EFBC}") = "scbH60Store", "scbH60Store.csproj", "{974D6490-64A3-4073-A0F7-A1A606F3796A}"
EndProject
Global
	GlobalSection(SolutionConfigurationPlatforms) = preSolution
		Debug|Any CPU = Debug|Any CPU
		Release|Any CPU = Release|Any CPU
	EndGlobalSection
	GlobalSection(ProjectConfigurationPlatforms) = postSolution
		{974D6490-64A3-4073-A0F7-A1A606F3796A}.Debug|Any CPU.ActiveCfg = Debug|Any CPU
		{974D6490-64A3-4073-A0F7-A1A606F3796A}.Debug|Any CPU.Build.0 = Debug|Any CPU
		{974D6490-64A3-4073-A0F7-A1A606F3796A}.Release|Any CPU.ActiveCfg = Release|Any CPU
		{974D6490-64A3-4073-A0F7-A1A606F3796A}.Release|Any CPU.Build.0 = Release|Any CPU
	EndGlobalSection
	GlobalSection(SolutionProperties) = preSolution
		HideSolutionNode = FALSE
	EndGlobalSection
	GlobalSection(ExtensibilityGlobals) = postSolution
		SolutionGuid = {CE7504D7-5FFA-4D85-BE26-F857B7D23F9E}
	EndGlobalSection
EndGlobal
